
Microsoft Visual Studio Solution File, Format Version 12.00
Project("{FAE04EC0-301F-11D3-BF4B-00C04F79EFBC}") = "AspNetCore-issues-17613", "AspNetCore-issues-17613.csproj", "{DB62D6E4-37C1-4979-A04C-3488A3BA4916}"
EndProject
Global
	GlobalSection(SolutionConfigurationPlatforms) = preSolution
		Debug|Any CPU = Debug|Any CPU
		Release|Any CPU = Release|Any CPU
	EndGlobalSection
	GlobalSection(ProjectConfigurationPlatforms) = postSolution
		{DB62D6E4-37C1-4979-A04C-3488A3BA4916}.Debug|Any CPU.ActiveCfg = Debug|Any CPU
		{DB62D6E4-37C1-4979-A04C-3488A3BA4916}.Debug|Any CPU.Build.0 = Debug|Any CPU
		{DB62D6E4-37C1-4979-A04C-3488A3BA4916}.Release|Any CPU.ActiveCfg = Release|Any CPU
		{DB62D6E4-37C1-4979-A04C-3488A3BA4916}.Release|Any CPU.Build.0 = Release|Any CPU
	EndGlobalSection
EndGlobal
